{
  "version": 4,
  "terraform_version": "0.14.0",
  "serial": 5,
  "lineage": "1f40e183-0a7a-be8c-d52e-953d5da7afb8",
  "outputs": {},
  "resources": [
    {
      "mode": "managed",
      "type": "alicloud_oss_bucket",
      "name": "bucket-new",
      "provider": "provider[\"registry.terraform.io/hashicorp/alicloud\"]",
      "instances": [
        {
          "schema_version": 0,
          "attributes": {
            "acl": "public-read",
            "bucket": "bucket-mainpage",
            "cors_rule": [],
            "creation_date": "2021-09-06",
            "extranet_endpoint": "oss-cn-shanghai.aliyuncs.com",
            "force_destroy": false,
            "id": "bucket-mainpage",
            "intranet_endpoint": "oss-cn-shanghai-internal.aliyuncs.com",
            "lifecycle_rule": [],
            "location": "oss-cn-shanghai",
            "logging": [],
            "logging_isenable": null,
            "owner": "1998420894736037",
            "policy": "",
            "redundancy_type": "LRS",
            "referer_config": [],
            "server_side_encryption_rule": [],
            "storage_class": "Standard",
            "tags": {},
            "transfer_acceleration": [
              {
                "enabled": true
              }
            ],
            "versioning": [
              {
                "status": "Enabled"
              }
            ],
            "website": [
              {
                "error_document": "index.html",
                "index_document": "index.html"
              }
            ]
          },
          "sensitive_attributes": []
        }
      ]
    }
  ]
}
