{
  "version": 4,
  "terraform_version": "0.14.9",
  "serial": 1,
  "lineage": "01f9c45c-1c79-7c72-aec7-33289340c293",
  "outputs": {},
  "resources": [
    {
      "mode": "managed",
      "type": "alicloud_eip",
      "name": "example",
      "provider": "provider[\"registry.terraform.io/hashicorp/alicloud\"]",
      "instances": [
        {
          "schema_version": 0,
          "attributes": {
            "bandwidth": 1,
            "description": "",
            "id": "eip-j6c45x7ryq715ne6csham",
            "instance_charge_type": "PostPaid",
            "internet_charge_type": "PayByTraffic",
            "ip_address": "47.57.71.51",
            "isp": "BGP_PRO",
            "name": "eip-test",
            "period": null,
            "resource_group_id": "rg-acfm4pesffzn5ji",
            "status": "Available",
            "tags": {}
          },
          "sensitive_attributes": [],
          "private": "eyJzY2hlbWFfdmVyc2lvbiI6IjAifQ=="
        }
      ]
    }
  ]
}
