{
  "version": 4,
  "terraform_version": "0.14.0",
  "serial": 2,
  "lineage": "6978d6c5-ffd3-308a-ad3f-efc347d88055",
  "outputs": {
    "bucket-new": {
      "value": "bucket-databases-backup",
      "type": "string"
    }
  },
  "resources": [
    {
      "mode": "managed",
      "type": "alicloud_oss_bucket",
      "name": "bucket-new",
      "provider": "provider[\"registry.terraform.io/hashicorp/alicloud\"]",
      "instances": [
        {
          "schema_version": 0,
          "attributes": {
            "acl": "public-read",
            "bucket": "bucket-databases-backup",
            "cors_rule": [
              {
                "allowed_headers": null,
                "allowed_methods": [
                  "GET",
                  "POST"
                ],
                "allowed_origins": [
                  "*"
                ],
                "expose_headers": null,
                "max_age_seconds": 0
              }
            ],
            "creation_date": "2021-11-02",
            "extranet_endpoint": "oss-cn-shanghai.aliyuncs.com",
            "force_destroy": false,
            "id": "bucket-databases-backup",
            "intranet_endpoint": "oss-cn-shanghai-internal.aliyuncs.com",
            "lifecycle_rule": [],
            "location": "oss-cn-shanghai",
            "logging": [],
            "logging_isenable": null,
            "owner": "1998420894736037",
            "policy": "",
            "redundancy_type": "LRS",
            "referer_config": [],
            "server_side_encryption_rule": [],
            "storage_class": "Standard",
            "tags": null,
            "transfer_acceleration": [
              {
                "enabled": true
              }
            ],
            "versioning": [
              {
                "status": "Enabled"
              }
            ],
            "website": [
              {
                "error_document": "index.html",
                "index_document": "index.html"
              }
            ]
          },
          "sensitive_attributes": [],
          "private": "bnVsbA=="
        }
      ]
    }
  ]
}
