{
  "version": 4,
  "terraform_version": "0.14.0",
  "serial": 16,
  "lineage": "63f29245-409b-25de-2921-b4c9edba1379",
  "outputs": {},
  "resources": [
    {
      "mode": "data",
      "type": "alicloud_instance_types",
      "name": "instance_type",
      "provider": "provider[\"registry.terraform.io/hashicorp/alicloud\"]",
      "instances": [
        {
          "schema_version": 0,
          "attributes": {
            "availability_zone": null,
            "cpu_core_count": 4,
            "eni_amount": null,
            "gpu_amount": null,
            "gpu_spec": null,
            "id": "3124131398",
            "ids": [
              "ecs.g6.xlarge"
            ],
            "instance_charge_type": "PostPaid",
            "instance_type_family": "ecs.g6",
            "instance_types": [
              {
                "availability_zones": [
                  "cn-hongkong-b",
                  "cn-hongkong-d"
                ],
                "burstable_instance": {
                  "baseline_credit": "0",
                  "initial_credit": "0"
                },
                "cpu_core_count": 4,
                "eni_amount": 3,
                "family": "ecs.g6",
                "gpu": {
                  "amount": "0",
                  "category": ""
                },
                "id": "ecs.g6.xlarge",
                "local_storage": {
                  "amount": "0",
                  "capacity": "0",
                  "category": ""
                },
                "memory_size": 16,
                "price": ""
              }
            ],
            "is_outdated": null,
            "kubernetes_node_role": null,
            "memory_size": 16,
            "network_type": null,
            "output_file": null,
            "sorted_by": null,
            "spot_strategy": "NoSpot",
            "system_disk_category": "cloud_efficiency"
          },
          "sensitive_attributes": []
        }
      ]
    },
    {
      "mode": "managed",
      "type": "alicloud_instance",
      "name": "instance",
      "provider": "provider[\"registry.terraform.io/hashicorp/alicloud\"]",
      "instances": [
        {
          "index_key": 0,
          "schema_version": 0,
          "attributes": {
            "allocate_public_ip": null,
            "auto_release_time": "",
            "auto_renew_period": null,
            "availability_zone": "cn-hongkong-b",
            "credit_specification": "",
            "data_disks": [],
            "deletion_protection": false,
            "description": "",
            "dry_run": false,
            "force_delete": null,
            "host_name": "cocafe-bastion-server-01",
            "id": "i-j6cj6knvj40w860d7z5n",
            "image_id": "ubuntu_20_04_x64_20G_alibase_20210521.vhd",
            "include_data_disks": null,
            "instance_charge_type": "PostPaid",
            "instance_name": "cocafe-bastion-server-01",
            "instance_type": "ecs.g6.xlarge",
            "internet_charge_type": "PayByTraffic",
            "internet_max_bandwidth_in": 1000,
            "internet_max_bandwidth_out": 10,
            "io_optimized": null,
            "is_outdated": null,
            "key_name": "",
            "kms_encrypted_password": null,
            "kms_encryption_context": null,
            "password": "Nftfanatic10@$",
            "period": null,
            "period_unit": null,
            "private_ip": "172.16.0.217",
            "public_ip": "47.243.157.5",
            "renewal_status": null,
            "resource_group_id": "",
            "role_name": "",
            "security_enhancement_strategy": "Deactive",
            "security_groups": [
              "sg-j6c5iaddmhe480df18rj"
            ],
            "spot_price_limit": 0,
            "spot_strategy": "NoSpot",
            "status": "Running",
            "subnet_id": "vsw-j6clllc1pn1y0urqgkt4r",
            "system_disk_auto_snapshot_policy_id": "",
            "system_disk_category": "cloud_efficiency",
            "system_disk_description": "cocafe-bastion-server-01-system-disk-description",
            "system_disk_name": "cocafe-bastion-server-01-system-disk",
            "system_disk_performance_level": "",
            "system_disk_size": 50,
            "tags": {
              "project": "mcdonald",
              "role": "server"
            },
            "timeouts": null,
            "user_data": "",
            "volume_tags": {
              "project": "mcdonald",
              "role": "server"
            },
            "vswitch_id": "vsw-j6clllc1pn1y0urqgkt4r"
          },
          "sensitive_attributes": []
        }
      ]
    },
    {
      "mode": "managed",
      "type": "alicloud_security_group",
      "name": "group",
      "provider": "provider[\"registry.terraform.io/hashicorp/alicloud\"]",
      "instances": [
        {
          "schema_version": 0,
          "attributes": {
            "description": "New security group",
            "id": "sg-j6c5iaddmhe480df18rj",
            "inner_access": true,
            "inner_access_policy": "Accept",
            "name": "cocafe-bastion",
            "resource_group_id": "",
            "security_group_type": "normal",
            "tags": {},
            "vpc_id": "vpc-j6coayldzadf1o29s2e4u"
          },
          "sensitive_attributes": [],
          "private": "bnVsbA=="
        }
      ]
    }
  ]
}
