{
  "version": 4,
  "terraform_version": "0.14.0",
  "serial": 4,
  "lineage": "4d6171d8-0cc6-8460-72ce-9b343e52d677",
  "outputs": {
    "ecs_public_ip": {
      "value": "106.14.68.126",
      "type": "string"
    },
    "hostname_list": {
      "value": "mcd-test-server-01",
      "type": "string"
    },
    "tags": {
      "value": "[{\"project\":\"mcd\",\"role\":\"server\"}]",
      "type": "string"
    }
  },
  "resources": [
    {
      "mode": "data",
      "type": "alicloud_instance_types",
      "name": "instance_type",
      "provider": "provider[\"registry.terraform.io/hashicorp/alicloud\"]",
      "instances": [
        {
          "schema_version": 0,
          "attributes": {
            "availability_zone": null,
            "cpu_core_count": 2,
            "eni_amount": null,
            "gpu_amount": null,
            "gpu_spec": null,
            "id": "2976940713",
            "ids": [
              "ecs.r7.large"
            ],
            "instance_charge_type": "PostPaid",
            "instance_type_family": "ecs.r7",
            "instance_types": [
              {
                "availability_zones": [
                  "cn-shanghai-b",
                  "cn-shanghai-l"
                ],
                "burstable_instance": {
                  "baseline_credit": "0",
                  "initial_credit": "0"
                },
                "cpu_core_count": 2,
                "eni_amount": 3,
                "family": "ecs.r7",
                "gpu": {
                  "amount": "0",
                  "category": ""
                },
                "id": "ecs.r7.large",
                "local_storage": {
                  "amount": "0",
                  "capacity": "0",
                  "category": ""
                },
                "memory_size": 16,
                "price": ""
              }
            ],
            "is_outdated": null,
            "kubernetes_node_role": null,
            "memory_size": 16,
            "network_type": null,
            "output_file": null,
            "sorted_by": null,
            "spot_strategy": "NoSpot",
            "system_disk_category": "cloud_efficiency"
          },
          "sensitive_attributes": []
        }
      ]
    },
    {
      "mode": "data",
      "type": "alicloud_zones",
      "name": "zones_ds",
      "provider": "provider[\"registry.terraform.io/hashicorp/alicloud\"]",
      "instances": [
        {
          "schema_version": 0,
          "attributes": {
            "available_disk_category": null,
            "available_instance_type": "ecs.r7.large",
            "available_resource_creation": null,
            "available_slb_address_ip_version": null,
            "available_slb_address_type": null,
            "enable_details": false,
            "id": "1740452807",
            "ids": [
              "cn-shanghai-b",
              "cn-shanghai-l"
            ],
            "instance_charge_type": "PostPaid",
            "multi": false,
            "network_type": null,
            "output_file": null,
            "spot_strategy": "NoSpot",
            "zones": [
              {
                "available_disk_categories": [],
                "available_instance_types": [],
                "available_resource_creation": [],
                "id": "cn-shanghai-b",
                "local_name": "",
                "multi_zone_ids": [],
                "slb_slave_zone_ids": []
              },
              {
                "available_disk_categories": [],
                "available_instance_types": [],
                "available_resource_creation": [],
                "id": "cn-shanghai-l",
                "local_name": "",
                "multi_zone_ids": [],
                "slb_slave_zone_ids": []
              }
            ]
          },
          "sensitive_attributes": []
        }
      ]
    },
    {
      "mode": "managed",
      "type": "alicloud_eip",
      "name": "eip-cocafe",
      "provider": "provider[\"registry.terraform.io/hashicorp/alicloud\"]",
      "instances": [
        {
          "schema_version": 0,
          "attributes": {
            "activity_id": null,
            "address_name": "eip-mcd-test",
            "bandwidth": "10",
            "deletion_protection": false,
            "description": "",
            "id": "eip-uf690cyp9k7kzs2c62i4s",
            "instance_charge_type": "PostPaid",
            "internet_charge_type": "PayByTraffic",
            "ip_address": "106.14.68.126",
            "isp": "BGP",
            "name": "eip-mcd-test",
            "netmode": null,
            "payment_type": "PayAsYouGo",
            "period": null,
            "resource_group_id": "rg-acfm4pesffzn5ji",
            "status": "Available",
            "tags": null,
            "timeouts": null
          },
          "sensitive_attributes": [],
          "private": "eyJlMmJmYjczMC1lY2FhLTExZTYtOGY4OC0zNDM2M2JjN2M0YzAiOnsiY3JlYXRlIjozMDAwMDAwMDAwMDAsImRlbGV0ZSI6NTQwMDAwMDAwMDAwfX0="
        }
      ]
    },
    {
      "mode": "managed",
      "type": "alicloud_eip_association",
      "name": "eip_asso",
      "provider": "provider[\"registry.terraform.io/hashicorp/alicloud\"]",
      "instances": []
    },
    {
      "mode": "managed",
      "type": "alicloud_security_group",
      "name": "group",
      "provider": "provider[\"registry.terraform.io/hashicorp/alicloud\"]",
      "instances": [
        {
          "schema_version": 0,
          "attributes": {
            "description": "New security group",
            "id": "sg-uf6j83unak4hcodpylzq",
            "inner_access": true,
            "inner_access_policy": "Accept",
            "name": "mcd-test",
            "resource_group_id": "",
            "security_group_type": "normal",
            "tags": null,
            "vpc_id": "vpc-uf6guef63019zllctjup9"
          },
          "sensitive_attributes": [],
          "private": "bnVsbA=="
        }
      ]
    },
    {
      "mode": "managed",
      "type": "alicloud_security_group_rule",
      "name": "allow_http_22",
      "provider": "provider[\"registry.terraform.io/hashicorp/alicloud\"]",
      "instances": [
        {
          "schema_version": 0,
          "attributes": {
            "cidr_ip": "0.0.0.0/0",
            "description": "",
            "id": "sg-uf6j83unak4hcodpylzq:ingress:tcp:22/22:intranet:0.0.0.0/0:accept:1",
            "ip_protocol": "tcp",
            "nic_type": "intranet",
            "policy": "accept",
            "port_range": "22/22",
            "priority": 1,
            "security_group_id": "sg-uf6j83unak4hcodpylzq",
            "source_group_owner_account": "",
            "source_security_group_id": "",
            "type": "ingress"
          },
          "sensitive_attributes": [],
          "private": "bnVsbA==",
          "dependencies": [
            "alicloud_security_group.group"
          ]
        }
      ]
    }
  ]
}
